
Microsoft Visual Studio Solution File, Format Version 12.00
# Visual Studio 15
VisualStudioVersion = 15.0.26228.9
MinimumVisualStudioVersion = 10.0.40219.1
Project("{FAE04EC0-301F-11D3-BF4B-00C04F79EFBC}") = "topspots", "topspots\topspots.csproj", "{BCC072E5-E47A-460B-ACB6-64CE4BAF2CFF}"
EndProject
Global
	GlobalSection(SolutionConfigurationPlatforms) = preSolution
		Debug|Any CPU = Debug|Any CPU
		Release|Any CPU = Release|Any CPU
	EndGlobalSection
	GlobalSection(ProjectConfigurationPlatforms) = postSolution
		{BCC072E5-E47A-460B-ACB6-64CE4BAF2CFF}.Debug|Any CPU.ActiveCfg = Debug|Any CPU
		{BCC072E5-E47A-460B-ACB6-64CE4BAF2CFF}.Debug|Any CPU.Build.0 = Debug|Any CPU
		{BCC072E5-E47A-460B-ACB6-64CE4BAF2CFF}.Release|Any CPU.ActiveCfg = Release|Any CPU
		{BCC072E5-E47A-460B-ACB6-64CE4BAF2CFF}.Release|Any CPU.Build.0 = Release|Any CPU
	EndGlobalSection
	GlobalSection(SolutionProperties) = preSolution
		HideSolutionNode = FALSE
	EndGlobalSection
EndGlobal
